
Microsoft Visual Studio Solution File, Format Version 12.00
# Visual Studio 15
VisualStudioVersion = 15.0.27703.2042
MinimumVisualStudioVersion = 10.0.40219.1
Project("{FAE04EC0-301F-11D3-BF4B-00C04F79EFBC}") = "Pattern", "Pattern\Pattern.csproj", "{09E94C03-CBCF-41D0-9B2C-DE2828D8CF2F}"
EndProject
Project("{FAE04EC0-301F-11D3-BF4B-00C04F79EFBC}") = "DataAccess", "DataAccess\DataAccess.csproj", "{538F7334-D1B6-4466-A94A-41978A8988F1}"
EndProject
Global
	GlobalSection(SolutionConfigurationPlatforms) = preSolution
		Debug|Any CPU = Debug|Any CPU
		Release|Any CPU = Release|Any CPU
	EndGlobalSection
	GlobalSection(ProjectConfigurationPlatforms) = postSolution
		{09E94C03-CBCF-41D0-9B2C-DE2828D8CF2F}.Debug|Any CPU.ActiveCfg = Debug|Any CPU
		{09E94C03-CBCF-41D0-9B2C-DE2828D8CF2F}.Debug|Any CPU.Build.0 = Debug|Any CPU
		{09E94C03-CBCF-41D0-9B2C-DE2828D8CF2F}.Release|Any CPU.ActiveCfg = Release|Any CPU
		{09E94C03-CBCF-41D0-9B2C-DE2828D8CF2F}.Release|Any CPU.Build.0 = Release|Any CPU
		{538F7334-D1B6-4466-A94A-41978A8988F1}.Debug|Any CPU.ActiveCfg = Debug|Any CPU
		{538F7334-D1B6-4466-A94A-41978A8988F1}.Debug|Any CPU.Build.0 = Debug|Any CPU
		{538F7334-D1B6-4466-A94A-41978A8988F1}.Release|Any CPU.ActiveCfg = Release|Any CPU
		{538F7334-D1B6-4466-A94A-41978A8988F1}.Release|Any CPU.Build.0 = Release|Any CPU
	EndGlobalSection
	GlobalSection(SolutionProperties) = preSolution
		HideSolutionNode = FALSE
	EndGlobalSection
	GlobalSection(ExtensibilityGlobals) = postSolution
		SolutionGuid = {382558D2-CCA9-421A-987E-4A043F811BF3}
	EndGlobalSection
EndGlobal
